{
    "_readme": [
        "This file locks the dependencies of your project to a known state",
        "Read more about it at https://getcomposer.org/doc/01-basic-usage.md#composer-lock-the-lock-file",
        "This file is @generated automatically"
    ],
    "hash": "74d5113b6d92da4d07fffc14991d8bf1",
    "packages": [
        {
            "name": "gigablah/sphinxphp",
            "version": "2.1.x-dev",
            "source": {
                "type": "git",
                "url": "https://github.com/gigablah/sphinxphp.git",
                "reference": "e3173c6a7bc2b6b19824bc69f7f9f5ad1c461869"
            },
            "dist": {
                "type": "zip",
                "url": "http://packagist.phpcomposer.com/files/gigablah/sphinxphp/e3173c6a7bc2b6b19824bc69f7f9f5ad1c461869.zip",
                "reference": "e3173c6a7bc2b6b19824bc69f7f9f5ad1c461869",
                "shasum": ""
            },
            "require": {
                "php": ">=5.3.0"
            },
            "require-dev": {
                "phpunit/phpunit": "3.7.*",
                "satooshi/php-coveralls": "dev-master"
            },
            "type": "library",
            "extra": {
                "branch-alias": {
                    "dev-master": "2.0.x-dev"
                }
            },
            "autoload": {
                "psr-0": {
                    "Sphinx": "src"
                }
            },
            "notification-url": "https://packagist.org/downloads/",
            "license": [
                "GPL-2.0"
            ],
            "authors": [
                {
                    "name": "Andrew Aksyonoff",
                    "homepage": "http://sphinxsearch.com/"
                }
            ],
            "description": "Sphinx Search PHP API",
            "homepage": "http://sphinxsearch.com/",
            "keywords": [
                "api",
                "search",
                "sphinx"
            ],
            "time": "2013-08-22 10:26:44"
        },
        {
            "name": "gregwar/captcha",
            "version": "v1.1",
            "source": {
                "type": "git",
                "url": "https://github.com/Gregwar/Captcha.git",
                "reference": "9caea9eb001a809ab8734b201ae07ebe4179238d",
                "mirrors": [
                    {
                        "url": "/%package%/%normalizedUrl%.%type%",
                        "preferred": true
                    }
                ]
            },
            "dist": {
                "type": "zip",
                "url": "https://api.github.com/repos/Gregwar/Captcha/zipball/9caea9eb001a809ab8734b201ae07ebe4179238d",
                "reference": "9caea9eb001a809ab8734b201ae07ebe4179238d",
                "shasum": "",
                "mirrors": [
                    {
                        "url": "http://pkg.phpcomposer.com/repo/packagist/dists/%package%/%version%/%reference%.%type%",
                        "preferred": true
                    }
                ]
            },
            "require": {
                "ext-gd": "*",
                "php": ">=5.3.0"
            },
            "type": "captcha",
            "autoload": {
                "psr-4": {
                    "Gregwar\\Captcha\\": "/"
                }
            },
            "notification-url": "https://packagist.org/downloads/",
            "license": [
                "MIT"
            ],
            "authors": [
                {
                    "name": "Grégoire Passault",
                    "email": "g.passault@gmail.com",
                    "homepage": "http://www.gregwar.com/"
                },
                {
                    "name": "Jeremy Livingston",
                    "email": "jeremy.j.livingston@gmail.com"
                }
            ],
            "description": "Captcha generator",
            "homepage": "https://github.com/Gregwar/Captcha",
            "keywords": [
                "bot",
                "captcha",
                "spam"
            ],
            "time": "2015-05-13 06:34:33"
        },
        {
            "name": "phpoffice/phpexcel",
            "version": "1.8.x-dev",
            "source": {
                "type": "git",
                "url": "https://github.com/PHPOffice/PHPExcel.git",
                "reference": "663d9422056de325f388f9775cf609bcd9764dd7"
            },
            "dist": {
                "type": "zip",
                "url": "http://packagist.phpcomposer.com/files/PHPOffice/PHPExcel/663d9422056de325f388f9775cf609bcd9764dd7.zip",
                "reference": "663d9422056de325f388f9775cf609bcd9764dd7",
                "shasum": ""
            },
            "require": {
                "ext-xml": "*",
                "ext-xmlwriter": "*",
                "php": ">=5.2.0"
            },
            "require-dev": {
                "squizlabs/php_codesniffer": "2.*"
            },
            "type": "library",
            "autoload": {
                "psr-0": {
                    "PHPExcel": "Classes/"
                }
            },
            "notification-url": "https://packagist.org/downloads/",
            "license": [
                "LGPL"
            ],
            "authors": [
                {
                    "name": "Maarten Balliauw",
                    "homepage": "http://blog.maartenballiauw.be"
                },
                {
                    "name": "Mark Baker"
                },
                {
                    "name": "Erik Tilt"
                },
                {
                    "name": "Franck Lefevre",
                    "homepage": "http://rootslabs.net"
                }
            ],
            "description": "PHPExcel - OpenXML - Read, Create and Write Spreadsheet documents in PHP - Spreadsheet engine",
            "homepage": "http://phpexcel.codeplex.com",
            "keywords": [
                "OpenXML",
                "excel",
                "php",
                "spreadsheet",
                "xls",
                "xlsx"
            ],
            "time": "2015-08-03 18:40:16"
        }
    ],
    "packages-dev": [],
    "aliases": [],
    "minimum-stability": "dev",
    "stability-flags": {
        "gigablah/sphinxphp": 20
    },
    "prefer-stable": false,
    "prefer-lowest": false,
    "platform": {
        "php": ">=5.3.0"
    },
    "platform-dev": []
}
